github.com/bazelbuild/bazel-gazelle v0.45.0 h1:ZfbDRyNppw0Sd42lXVX7ybar63MJofb58Yvl4SvbtYY=
github.com/bazelbuild/bazel-gazelle v0.45.0/go.mod h1:XdBdWhrTc5x50CKzKXOcwrZWdLuX58IX1KcSaWPtEGo=
github.com/bazelbuild/buildtools v0.0.0-20240918101019-be1c24cc9a44 h1:FGzENZi+SX9I7h9xvMtRA3rel8hCEfyzSixteBgn7MU=
github.com/bazelbuild/buildtools v0.0.0-20240918101019-be1c24cc9a44/go.mod h1:PLNUetjLa77TCCziPsz0EI8a6CUxgC+1jgmWv0H25tg=
github.com/bazelbuild/rules_go v0.53.0 h1:u160DT+RRb+Xb2aSO4piN8xhs4aZvWz2UDXCq48F4ao=
github.com/bazelbuild/rules_go v0.53.0/go.mod h1:xB1jfsYHWlnZyPPxzlOSst4q2ZAwS251Mp9Iw6TPuBc=
github.com/google/go-cmp v0.6.0 h1:ofyhxvXcZhMsU5ulbFiLKl/XBFqE1GSq7atu8tAmTRI=
github.com/google/go-cmp v0.6.0/go.mod h1:17dUlkBOakJ0+DkrSSNjCkIjxS6bF9zb3elmeNGIjoY=
