github.com/bazelbuild/bazel-gazelle v0.45.0 h1:ZfbDRyNppw0Sd42lXVX7ybar63MJofb58Yvl4SvbtYY=
github.com/bazelbuild/bazel-gazelle v0.45.0/go.mod h1:XdBdWhrTc5x50CKzKXOcwrZWdLuX58IX1KcSaWPtEGo=
github.com/bazelbuild/buildtools v0.0.0-20250930140053-2eb4fccefb52 h1:njQAmjTv/YHRm/0Lfv9DXHFZ4MdT2IA/RKHTnqZkgDw=
github.com/bazelbuild/buildtools v0.0.0-20250930140053-2eb4fccefb52/go.mod h1:PLNUetjLa77TCCziPsz0EI8a6CUxgC+1jgmWv0H25tg=
github.com/bazelbuild/rules_go v0.53.0 h1:u160DT+RRb+Xb2aSO4piN8xhs4aZvWz2UDXCq48F4ao=
github.com/bazelbuild/rules_go v0.53.0/go.mod h1:xB1jfsYHWlnZyPPxzlOSst4q2ZAwS251Mp9Iw6TPuBc=
github.com/emirpasic/gods v1.18.1 h1:FXtiHYKDGKCW2KzwZKx0iC0PQmdlorYgdFG9jPXJ1Bc=
github.com/emirpasic/gods v1.18.1/go.mod h1:8tpGGwCnJ5H4r6BWwaV6OrWmMoPhUl5jm/FMNAnJvWQ=
github.com/google/go-cmp v0.6.0 h1:ofyhxvXcZhMsU5ulbFiLKl/XBFqE1GSq7atu8tAmTRI=
github.com/google/go-cmp v0.6.0/go.mod h1:17dUlkBOakJ0+DkrSSNjCkIjxS6bF9zb3elmeNGIjoY=
github.com/jbedard/go-workspaces-bzlmod/a v0.0.0-20251002072952-b54f8c7af9c0 h1:CHEvCMogRp9wuMdHmNz3CMTHiUfzGqRYPkAhfX61jcQ=
github.com/jbedard/go-workspaces-bzlmod/a v0.0.0-20251002072952-b54f8c7af9c0/go.mod h1:JNHN3p7OiuBVSzb6ik2tablL+xFvI/U9LuUmE7pQhZM=
github.com/jbedard/go-workspaces-bzlmod/b v0.0.0-20251002072952-b54f8c7af9c0 h1:afHGvc7nkfIbIubKgbGB0yg9pPbuFdEEBB0zPYq8tYc=
github.com/jbedard/go-workspaces-bzlmod/b v0.0.0-20251002072952-b54f8c7af9c0/go.mod h1:DdMeTSFKsWIYy5pFLbWHXOHqyP/3XI0vF4VFofmBxqc=
github.com/jbedard/go-workspaces-bzlmod/c v0.0.0-20251002172505-cf3a3173ad61 h1:nguH/hRyrBYmj8+PsYm5iGnuZ5qlGR1l6cyykvwPmes=
github.com/jbedard/go-workspaces-bzlmod/c v0.0.0-20251002172505-cf3a3173ad61/go.mod h1:y4cVlKCMS3uzzNNpBcTWIc6xZcZx5pHWMPpTmNajqN8=
golang.org/x/sys v0.36.0 h1:KVRy2GtZBrk1cBYA7MKu5bEZFxQk4NIDV6RLVcC8o0k=
golang.org/x/sys v0.36.0/go.mod h1:OgkHotnGiDImocRcuBABYBEXf8A9a87e/uXjp9XT3ks=
golang.org/x/term v0.35.0 h1:bZBVKBudEyhRcajGcNc3jIfWPqV4y/Kt2XcoigOWtDQ=
golang.org/x/term v0.35.0/go.mod h1:TPGtkTLesOwf2DE8CgVYiZinHAOuy5AYUYT1lENIZnA=
